// !$*UTF8*$!
{
	archiveVersion = 1;
	classes = {
	};
	objectVersion = 46;
	objects = {

/* Begin PBXBuildFile section */
		A9861DD21BF5FF8000817EA0 /* AppDelegate.swift in Sources */ = {isa = PBXBuildFile; fileRef = A9861DD11BF5FF8000817EA0 /* AppDelegate.swift */; };
		A9861DD51BF5FF8000817EA0 /* Uni_Example.xcdatamodeld in Sources */ = {isa = PBXBuildFile; fileRef = A9861DD31BF5FF8000817EA0 /* Uni_Example.xcdatamodeld */; };
		A9861DD71BF5FF8000817EA0 /* MasterViewController.swift in Sources */ = {isa = PBXBuildFile; fileRef = A9861DD61BF5FF8000817EA0 /* MasterViewController.swift */; };
		A9861DD91BF5FF8000817EA0 /* DetailViewController.swift in Sources */ = {isa = PBXBuildFile; fileRef = A9861DD81BF5FF8000817EA0 /* DetailViewController.swift */; };
		A9861DDC1BF5FF8000817EA0 /* Main.storyboard in Resources */ = {isa = PBXBuildFile; fileRef = A9861DDA1BF5FF8000817EA0 /* Main.storyboard */; };
		A9861DDE1BF5FF8000817EA0 /* Assets.xcassets in Resources */ = {isa = PBXBuildFile; fileRef = A9861DDD1BF5FF8000817EA0 /* Assets.xcassets */; };
		A9861DE11BF5FF8000817EA0 /* LaunchScreen.storyboard in Resources */ = {isa = PBXBuildFile; fileRef = A9861DDF1BF5FF8000817EA0 /* LaunchScreen.storyboard */; };
/* End PBXBuildFile section */

/* Begin PBXFileReference section */
		A9861DCE1BF5FF8000817EA0 /* Uni Example.app */ = {isa = PBXFileReference; explicitFileType = wrapper.application; includeInIndex = 0; path = "Uni Example.app"; sourceTree = BUILT_PRODUCTS_DIR; };
		A9861DD11BF5FF8000817EA0 /* AppDelegate.swift */ = {isa = PBXFileReference; lastKnownFileType = sourcecode.swift; path = AppDelegate.swift; sourceTree = "<group>"; };
		A9861DD41BF5FF8000817EA0 /* Uni_Example.xcdatamodel */ = {isa = PBXFileReference; lastKnownFileType = wrapper.xcdatamodel; path = Uni_Example.xcdatamodel; sourceTree = "<group>"; };
		A9861DD61BF5FF8000817EA0 /* MasterViewController.swift */ = {isa = PBXFileReference; lastKnownFileType = sourcecode.swift; path = MasterViewController.swift; sourceTree = "<group>"; };
		A9861DD81BF5FF8000817EA0 /* DetailViewController.swift */ = {isa = PBXFileReference; lastKnownFileType = sourcecode.swift; path = DetailViewController.swift; sourceTree = "<group>"; };
		A9861DDB1BF5FF8000817EA0 /* Base */ = {isa = PBXFileReference; lastKnownFileType = file.storyboard; name = Base; path = Base.lproj/Main.storyboard; sourceTree = "<group>"; };
		A9861DDD1BF5FF8000817EA0 /* Assets.xcassets */ = {isa = PBXFileReference; lastKnownFileType = folder.assetcatalog; path = Assets.xcassets; sourceTree = "<group>"; };
		A9861DE01BF5FF8000817EA0 /* Base */ = {isa = PBXFileReference; lastKnownFileType = file.storyboard; name = Base; path = Base.lproj/LaunchScreen.storyboard; sourceTree = "<group>"; };
		A9861DE21BF5FF8000817EA0 /* Info.plist */ = {isa = PBXFileReference; lastKnownFileType = text.plist.xml; path = Info.plist; sourceTree = "<group>"; };
/* End PBXFileReference section */

/* Begin PBXFrameworksBuildPhase section */
		A9861DCB1BF5FF8000817EA0 /* Frameworks */ = {
			isa = PBXFrameworksBuildPhase;
			buildActionMask = 2147483647;
			files = (
			);
			runOnlyForDeploymentPostprocessing = 0;
		};
/* End PBXFrameworksBuildPhase section */

/* Begin PBXGroup section */
		A9861DC51BF5FF8000817EA0 = {
			isa = PBXGroup;
			children = (
				A9861DD01BF5FF8000817EA0 /* Uni Example */,
				A9861DCF1BF5FF8000817EA0 /* Products */,
			);
			sourceTree = "<group>";
		};
		A9861DCF1BF5FF8000817EA0 /* Products */ = {
			isa = PBXGroup;
			children = (
				A9861DCE1BF5FF8000817EA0 /* Uni Example.app */,
			);
			name = Products;
			sourceTree = "<group>";
		};
		A9861DD01BF5FF8000817EA0 /* Uni Example */ = {
			isa = PBXGroup;
			children = (
				A9861DD11BF5FF8000817EA0 /* AppDelegate.swift */,
				A9861DD61BF5FF8000817EA0 /* MasterViewController.swift */,
				A9861DD81BF5FF8000817EA0 /* DetailViewController.swift */,
				A9861DDA1BF5FF8000817EA0 /* Main.storyboard */,
				A9861DDD1BF5FF8000817EA0 /* Assets.xcassets */,
				A9861DDF1BF5FF8000817EA0 /* LaunchScreen.storyboard */,
				A9861DE21BF5FF8000817EA0 /* Info.plist */,
				A9861DD31BF5FF8000817EA0 /* Uni_Example.xcdatamodeld */,
			);
			path = "Uni Example";
			sourceTree = "<group>";
		};
/* End PBXGroup section */

/* Begin PBXNativeTarget section */
		A9861DCD1BF5FF8000817EA0 /* Uni Example */ = {
			isa = PBXNativeTarget;
			buildConfigurationList = A9861DE51BF5FF8000817EA0 /* Build configuration list for PBXNativeTarget "Uni Example" */;
			buildPhases = (
				A9861DCA1BF5FF8000817EA0 /* Sources */,
				A9861DCB1BF5FF8000817EA0 /* Frameworks */,
				A9861DCC1BF5FF8000817EA0 /* Resources */,
			);
			buildRules = (
			);
			dependencies = (
			);
			name = "Uni Example";
			productName = "Uni Example";
			productReference = A9861DCE1BF5FF8000817EA0 /* Uni Example.app */;
			productType = "com.apple.product-type.application";
		};
/* End PBXNativeTarget section */

/* Begin PBXProject section */
		A9861DC61BF5FF8000817EA0 /* Project object */ = {
			isa = PBXProject;
			attributes = {
				LastSwiftUpdateCheck = 0710;
				LastUpgradeCheck = 0710;
				ORGANIZATIONNAME = "Leon Baird";
				TargetAttributes = {
					A9861DCD1BF5FF8000817EA0 = {
						CreatedOnToolsVersion = 7.1.1;
					};
				};
			};
			buildConfigurationList = A9861DC91BF5FF8000817EA0 /* Build configuration list for PBXProject "Uni Example" */;
			compatibilityVersion = "Xcode 3.2";
			developmentRegion = English;
			hasScannedForEncodings = 0;
			knownRegions = (
				en,
				Base,
			);
			mainGroup = A9861DC51BF5FF8000817EA0;
			productRefGroup = A9861DCF1BF5FF8000817EA0 /* Products */;
			projectDirPath = "";
			projectRoot = "";
			targets = (
				A9861DCD1BF5FF8000817EA0 /* Uni Example */,
			);
		};
/* End PBXProject section */

/* Begin PBXResourcesBuildPhase section */
		A9861DCC1BF5FF8000817EA0 /* Resources */ = {
			isa = PBXResourcesBuildPhase;
			buildActionMask = 2147483647;
			files = (
				A9861DE11BF5FF8000817EA0 /* LaunchScreen.storyboard in Resources */,
				A9861DDE1BF5FF8000817EA0 /* Assets.xcassets in Resources */,
				A9861DDC1BF5FF8000817EA0 /* Main.storyboard in Resources */,
			);
			runOnlyForDeploymentPostprocessing = 0;
		};
/* End PBXResourcesBuildPhase section */

/* Begin PBXSourcesBuildPhase section */
		A9861DCA1BF5FF8000817EA0 /* Sources */ = {
			isa = PBXSourcesBuildPhase;
			buildActionMask = 2147483647;
			files = (
				A9861DD21BF5FF8000817EA0 /* AppDelegate.swift in Sources */,
				A9861DD51BF5FF8000817EA0 /* Uni_Example.xcdatamodeld in Sources */,
				A9861DD71BF5FF8000817EA0 /* MasterViewController.swift in Sources */,
				A9861DD91BF5FF8000817EA0 /* DetailViewController.swift in Sources */,
			);
			runOnlyForDeploymentPostprocessing = 0;
		};
/* End PBXSourcesBuildPhase section */

/* Begin PBXVariantGroup section */
		A9861DDA1BF5FF8000817EA0 /* Main.storyboard */ = {
			isa = PBXVariantGroup;
			children = (
				A9861DDB1BF5FF8000817EA0 /* Base */,
			);
			name = Main.storyboard;
			sourceTree = "<group>";
		};
		A9861DDF1BF5FF8000817EA0 /* LaunchScreen.storyboard */ = {
			isa = PBXVariantGroup;
			children = (
				A9861DE01BF5FF8000817EA0 /* Base */,
			);
			name = LaunchScreen.storyboard;
			sourceTree = "<group>";
		};
/* End PBXVariantGroup section */

/* Begin XCBuildConfiguration section */
		A9861DE31BF5FF8000817EA0 /* Debug */ = {
			isa = XCBuildConfiguration;
			buildSettings = {
				ALWAYS_SEARCH_USER_PATHS = NO;
				CLANG_CXX_LANGUAGE_STANDARD = "gnu++0x";
				CLANG_CXX_LIBRARY = "libc++";
				CLANG_ENABLE_MODULES = YES;
				CLANG_ENABLE_OBJC_ARC = YES;
				CLANG_WARN_BOOL_CONVERSION = YES;
				CLANG_WARN_CONSTANT_CONVERSION = YES;
				CLANG_WARN_DIRECT_OBJC_ISA_USAGE = YES_ERROR;
				CLANG_WARN_EMPTY_BODY = YES;
				CLANG_WARN_ENUM_CONVERSION = YES;
				CLANG_WARN_INT_CONVERSION = YES;
				CLANG_WARN_OBJC_ROOT_CLASS = YES_ERROR;
				CLANG_WARN_UNREACHABLE_CODE = YES;
				CLANG_WARN__DUPLICATE_METHOD_MATCH = YES;
				"CODE_SIGN_IDENTITY[sdk=iphoneos*]" = "iPhone Developer";
				COPY_PHASE_STRIP = NO;
				DEBUG_INFORMATION_FORMAT = dwarf;
				ENABLE_STRICT_OBJC_MSGSEND = YES;
				ENABLE_TESTABILITY = YES;
				GCC_C_LANGUAGE_STANDARD = gnu99;
				GCC_DYNAMIC_NO_PIC = NO;
				GCC_NO_COMMON_BLOCKS = YES;
				GCC_OPTIMIZATION_LEVEL = 0;
				GCC_PREPROCESSOR_DEFINITIONS = (
					"DEBUG=1",
					"$(inherited)",
				);
				GCC_WARN_64_TO_32_BIT_CONVERSION = YES;
				GCC_WARN_ABOUT_RETURN_TYPE = YES_ERROR;
				GCC_WARN_UNDECLARED_SELECTOR = YES;
				GCC_WARN_UNINITIALIZED_AUTOS = YES_AGGRESSIVE;
				GCC_WARN_UNUSED_FUNCTION = YES;
				GCC_WARN_UNUSED_VARIABLE = YES;
				IPHONEOS_DEPLOYMENT_TARGET = 9.1;
				MTL_ENABLE_DEBUG_INFO = YES;
				ONLY_ACTIVE_ARCH = YES;
				SDKROOT = iphoneos;
				SWIFT_OPTIMIZATION_LEVEL = "-Onone";
				TARGETED_DEVICE_FAMILY = "1,2";
			};
			name = Debug;
		};
		A9861DE41BF5FF8000817EA0 /* Release */ = {
			isa = XCBuildConfiguration;
			buildSettings = {
				ALWAYS_SEARCH_USER_PATHS = NO;
				CLANG_CXX_LANGUAGE_STANDARD = "gnu++0x";
				CLANG_CXX_LIBRARY = "libc++";
				CLANG_ENABLE_MODULES = YES;
				CLANG_ENABLE_OBJC_ARC = YES;
				CLANG_WARN_BOOL_CONVERSION = YES;
				CLANG_WARN_CONSTANT_CONVERSION = YES;
				CLANG_WARN_DIRECT_OBJC_ISA_USAGE = YES_ERROR;
				CLANG_WARN_EMPTY_BODY = YES;
				CLANG_WARN_ENUM_CONVERSION = YES;
				CLANG_WARN_INT_CONVERSION = YES;
				CLANG_WARN_OBJC_ROOT_CLASS = YES_ERROR;
				CLANG_WARN_UNREACHABLE_CODE = YES;
				CLANG_WARN__DUPLICATE_METHOD_MATCH = YES;
				"CODE_SIGN_IDENTITY[sdk=iphoneos*]" = "iPhone Developer";
				COPY_PHASE_STRIP = NO;
				DEBUG_INFORMATION_FORMAT = "dwarf-with-dsym";
				ENABLE_NS_ASSERTIONS = NO;
				ENABLE_STRICT_OBJC_MSGSEND = YES;
				GCC_C_LANGUAGE_STANDARD = gnu99;
				GCC_NO_COMMON_BLOCKS = YES;
				GCC_WARN_64_TO_32_BIT_CONVERSION = YES;
				GCC_WARN_ABOUT_RETURN_TYPE = YES_ERROR;
				GCC_WARN_UNDECLARED_SELECTOR = YES;
				GCC_WARN_UNINITIALIZED_AUTOS = YES_AGGRESSIVE;
				GCC_WARN_UNUSED_FUNCTION = YES;
				GCC_WARN_UNUSED_VARIABLE = YES;
				IPHONEOS_DEPLOYMENT_TARGET = 9.1;
				MTL_ENABLE_DEBUG_INFO = NO;
				SDKROOT = iphoneos;
				TARGETED_DEVICE_FAMILY = "1,2";
				VALIDATE_PRODUCT = YES;
			};
			name = Release;
		};
		A9861DE61BF5FF8000817EA0 /* Debug */ = {
			isa = XCBuildConfiguration;
			buildSettings = {
				ASSETCATALOG_COMPILER_APPICON_NAME = AppIcon;
				INFOPLIST_FILE = "Uni Example/Info.plist";
				LD_RUNPATH_SEARCH_PATHS = "$(inherited) @executable_path/Frameworks";
				PRODUCT_BUNDLE_IDENTIFIER = "com.leonbaird.Uni-Example";
				PRODUCT_NAME = "$(TARGET_NAME)";
			};
			name = Debug;
		};
		A9861DE71BF5FF8000817EA0 /* Release */ = {
			isa = XCBuildConfiguration;
			buildSettings = {
				ASSETCATALOG_COMPILER_APPICON_NAME = AppIcon;
				INFOPLIST_FILE = "Uni Example/Info.plist";
				LD_RUNPATH_SEARCH_PATHS = "$(inherited) @executable_path/Frameworks";
				PRODUCT_BUNDLE_IDENTIFIER = "com.leonbaird.Uni-Example";
				PRODUCT_NAME = "$(TARGET_NAME)";
			};
			name = Release;
		};
/* End XCBuildConfiguration section */

/* Begin XCConfigurationList section */
		A9861DC91BF5FF8000817EA0 /* Build configuration list for PBXProject "Uni Example" */ = {
			isa = XCConfigurationList;
			buildConfigurations = (
				A9861DE31BF5FF8000817EA0 /* Debug */,
				A9861DE41BF5FF8000817EA0 /* Release */,
			);
			defaultConfigurationIsVisible = 0;
			defaultConfigurationName = Release;
		};
		A9861DE51BF5FF8000817EA0 /* Build configuration list for PBXNativeTarget "Uni Example" */ = {
			isa = XCConfigurationList;
			buildConfigurations = (
				A9861DE61BF5FF8000817EA0 /* Debug */,
				A9861DE71BF5FF8000817EA0 /* Release */,
			);
			defaultConfigurationIsVisible = 0;
		};
/* End XCConfigurationList section */

/* Begin XCVersionGroup section */
		A9861DD31BF5FF8000817EA0 /* Uni_Example.xcdatamodeld */ = {
			isa = XCVersionGroup;
			children = (
				A9861DD41BF5FF8000817EA0 /* Uni_Example.xcdatamodel */,
			);
			currentVersion = A9861DD41BF5FF8000817EA0 /* Uni_Example.xcdatamodel */;
			path = Uni_Example.xcdatamodeld;
			sourceTree = "<group>";
			versionGroupType = wrapper.xcdatamodel;
		};
/* End XCVersionGroup section */
	};
	rootObject = A9861DC61BF5FF8000817EA0 /* Project object */;
}
