// !$*UTF8*$!
{
	archiveVersion = 1;
	classes = {
	};
	objectVersion = 46;
	objects = {

/* Begin PBXBuildFile section */
		350EA2591C16FEE400704245 /* AppDelegate.swift in Sources */ = {isa = PBXBuildFile; fileRef = 350EA2581C16FEE400704245 /* AppDelegate.swift */; };
		350EA25B1C16FEE400704245 /* ViewController.swift in Sources */ = {isa = PBXBuildFile; fileRef = 350EA25A1C16FEE400704245 /* ViewController.swift */; };
		350EA25E1C16FEE400704245 /* Main.storyboard in Resources */ = {isa = PBXBuildFile; fileRef = 350EA25C1C16FEE400704245 /* Main.storyboard */; };
		350EA2601C16FEE400704245 /* Assets.xcassets in Resources */ = {isa = PBXBuildFile; fileRef = 350EA25F1C16FEE400704245 /* Assets.xcassets */; };
		350EA2631C16FEE400704245 /* LaunchScreen.storyboard in Resources */ = {isa = PBXBuildFile; fileRef = 350EA2611C16FEE400704245 /* LaunchScreen.storyboard */; };
/* End PBXBuildFile section */

/* Begin PBXFileReference section */
		350EA2551C16FEE400704245 /* Views.app */ = {isa = PBXFileReference; explicitFileType = wrapper.application; includeInIndex = 0; path = Views.app; sourceTree = BUILT_PRODUCTS_DIR; };
		350EA2581C16FEE400704245 /* AppDelegate.swift */ = {isa = PBXFileReference; lastKnownFileType = sourcecode.swift; path = AppDelegate.swift; sourceTree = "<group>"; };
		350EA25A1C16FEE400704245 /* ViewController.swift */ = {isa = PBXFileReference; lastKnownFileType = sourcecode.swift; path = ViewController.swift; sourceTree = "<group>"; };
		350EA25D1C16FEE400704245 /* Base */ = {isa = PBXFileReference; lastKnownFileType = file.storyboard; name = Base; path = Base.lproj/Main.storyboard; sourceTree = "<group>"; };
		350EA25F1C16FEE400704245 /* Assets.xcassets */ = {isa = PBXFileReference; lastKnownFileType = folder.assetcatalog; path = Assets.xcassets; sourceTree = "<group>"; };
		350EA2621C16FEE400704245 /* Base */ = {isa = PBXFileReference; lastKnownFileType = file.storyboard; name = Base; path = Base.lproj/LaunchScreen.storyboard; sourceTree = "<group>"; };
		350EA2641C16FEE400704245 /* Info.plist */ = {isa = PBXFileReference; lastKnownFileType = text.plist.xml; path = Info.plist; sourceTree = "<group>"; };
/* End PBXFileReference section */

/* Begin PBXFrameworksBuildPhase section */
		350EA2521C16FEE400704245 /* Frameworks */ = {
			isa = PBXFrameworksBuildPhase;
			buildActionMask = 2147483647;
			files = (
			);
			runOnlyForDeploymentPostprocessing = 0;
		};
/* End PBXFrameworksBuildPhase section */

/* Begin PBXGroup section */
		350EA24C1C16FEE400704245 = {
			isa = PBXGroup;
			children = (
				350EA2571C16FEE400704245 /* Views */,
				350EA2561C16FEE400704245 /* Products */,
			);
			sourceTree = "<group>";
		};
		350EA2561C16FEE400704245 /* Products */ = {
			isa = PBXGroup;
			children = (
				350EA2551C16FEE400704245 /* Views.app */,
			);
			name = Products;
			sourceTree = "<group>";
		};
		350EA2571C16FEE400704245 /* Views */ = {
			isa = PBXGroup;
			children = (
				350EA2581C16FEE400704245 /* AppDelegate.swift */,
				350EA25A1C16FEE400704245 /* ViewController.swift */,
				350EA25C1C16FEE400704245 /* Main.storyboard */,
				350EA25F1C16FEE400704245 /* Assets.xcassets */,
				350EA2611C16FEE400704245 /* LaunchScreen.storyboard */,
				350EA2641C16FEE400704245 /* Info.plist */,
			);
			path = Views;
			sourceTree = "<group>";
		};
/* End PBXGroup section */

/* Begin PBXNativeTarget section */
		350EA2541C16FEE400704245 /* Views */ = {
			isa = PBXNativeTarget;
			buildConfigurationList = 350EA2671C16FEE400704245 /* Build configuration list for PBXNativeTarget "Views" */;
			buildPhases = (
				350EA2511C16FEE400704245 /* Sources */,
				350EA2521C16FEE400704245 /* Frameworks */,
				350EA2531C16FEE400704245 /* Resources */,
			);
			buildRules = (
			);
			dependencies = (
			);
			name = Views;
			productName = Views;
			productReference = 350EA2551C16FEE400704245 /* Views.app */;
			productType = "com.apple.product-type.application";
		};
/* End PBXNativeTarget section */

/* Begin PBXProject section */
		350EA24D1C16FEE400704245 /* Project object */ = {
			isa = PBXProject;
			attributes = {
				LastSwiftUpdateCheck = 0710;
				LastUpgradeCheck = 0710;
				ORGANIZATIONNAME = "Leon Baird";
				TargetAttributes = {
					350EA2541C16FEE400704245 = {
						CreatedOnToolsVersion = 7.1.1;
					};
				};
			};
			buildConfigurationList = 350EA2501C16FEE400704245 /* Build configuration list for PBXProject "Views" */;
			compatibilityVersion = "Xcode 3.2";
			developmentRegion = English;
			hasScannedForEncodings = 0;
			knownRegions = (
				en,
				Base,
			);
			mainGroup = 350EA24C1C16FEE400704245;
			productRefGroup = 350EA2561C16FEE400704245 /* Products */;
			projectDirPath = "";
			projectRoot = "";
			targets = (
				350EA2541C16FEE400704245 /* Views */,
			);
		};
/* End PBXProject section */

/* Begin PBXResourcesBuildPhase section */
		350EA2531C16FEE400704245 /* Resources */ = {
			isa = PBXResourcesBuildPhase;
			buildActionMask = 2147483647;
			files = (
				350EA2631C16FEE400704245 /* LaunchScreen.storyboard in Resources */,
				350EA2601C16FEE400704245 /* Assets.xcassets in Resources */,
				350EA25E1C16FEE400704245 /* Main.storyboard in Resources */,
			);
			runOnlyForDeploymentPostprocessing = 0;
		};
/* End PBXResourcesBuildPhase section */

/* Begin PBXSourcesBuildPhase section */
		350EA2511C16FEE400704245 /* Sources */ = {
			isa = PBXSourcesBuildPhase;
			buildActionMask = 2147483647;
			files = (
				350EA25B1C16FEE400704245 /* ViewController.swift in Sources */,
				350EA2591C16FEE400704245 /* AppDelegate.swift in Sources */,
			);
			runOnlyForDeploymentPostprocessing = 0;
		};
/* End PBXSourcesBuildPhase section */

/* Begin PBXVariantGroup section */
		350EA25C1C16FEE400704245 /* Main.storyboard */ = {
			isa = PBXVariantGroup;
			children = (
				350EA25D1C16FEE400704245 /* Base */,
			);
			name = Main.storyboard;
			sourceTree = "<group>";
		};
		350EA2611C16FEE400704245 /* LaunchScreen.storyboard */ = {
			isa = PBXVariantGroup;
			children = (
				350EA2621C16FEE400704245 /* Base */,
			);
			name = LaunchScreen.storyboard;
			sourceTree = "<group>";
		};
/* End PBXVariantGroup section */

/* Begin XCBuildConfiguration section */
		350EA2651C16FEE400704245 /* Debug */ = {
			isa = XCBuildConfiguration;
			buildSettings = {
				ALWAYS_SEARCH_USER_PATHS = NO;
				CLANG_CXX_LANGUAGE_STANDARD = "gnu++0x";
				CLANG_CXX_LIBRARY = "libc++";
				CLANG_ENABLE_MODULES = YES;
				CLANG_ENABLE_OBJC_ARC = YES;
				CLANG_WARN_BOOL_CONVERSION = YES;
				CLANG_WARN_CONSTANT_CONVERSION = YES;
				CLANG_WARN_DIRECT_OBJC_ISA_USAGE = YES_ERROR;
				CLANG_WARN_EMPTY_BODY = YES;
				CLANG_WARN_ENUM_CONVERSION = YES;
				CLANG_WARN_INT_CONVERSION = YES;
				CLANG_WARN_OBJC_ROOT_CLASS = YES_ERROR;
				CLANG_WARN_UNREACHABLE_CODE = YES;
				CLANG_WARN__DUPLICATE_METHOD_MATCH = YES;
				"CODE_SIGN_IDENTITY[sdk=iphoneos*]" = "iPhone Developer";
				COPY_PHASE_STRIP = NO;
				DEBUG_INFORMATION_FORMAT = dwarf;
				ENABLE_STRICT_OBJC_MSGSEND = YES;
				ENABLE_TESTABILITY = YES;
				GCC_C_LANGUAGE_STANDARD = gnu99;
				GCC_DYNAMIC_NO_PIC = NO;
				GCC_NO_COMMON_BLOCKS = YES;
				GCC_OPTIMIZATION_LEVEL = 0;
				GCC_PREPROCESSOR_DEFINITIONS = (
					"DEBUG=1",
					"$(inherited)",
				);
				GCC_WARN_64_TO_32_BIT_CONVERSION = YES;
				GCC_WARN_ABOUT_RETURN_TYPE = YES_ERROR;
				GCC_WARN_UNDECLARED_SELECTOR = YES;
				GCC_WARN_UNINITIALIZED_AUTOS = YES_AGGRESSIVE;
				GCC_WARN_UNUSED_FUNCTION = YES;
				GCC_WARN_UNUSED_VARIABLE = YES;
				IPHONEOS_DEPLOYMENT_TARGET = 9.1;
				MTL_ENABLE_DEBUG_INFO = YES;
				ONLY_ACTIVE_ARCH = YES;
				SDKROOT = iphoneos;
				SWIFT_OPTIMIZATION_LEVEL = "-Onone";
			};
			name = Debug;
		};
		350EA2661C16FEE400704245 /* Release */ = {
			isa = XCBuildConfiguration;
			buildSettings = {
				ALWAYS_SEARCH_USER_PATHS = NO;
				CLANG_CXX_LANGUAGE_STANDARD = "gnu++0x";
				CLANG_CXX_LIBRARY = "libc++";
				CLANG_ENABLE_MODULES = YES;
				CLANG_ENABLE_OBJC_ARC = YES;
				CLANG_WARN_BOOL_CONVERSION = YES;
				CLANG_WARN_CONSTANT_CONVERSION = YES;
				CLANG_WARN_DIRECT_OBJC_ISA_USAGE = YES_ERROR;
				CLANG_WARN_EMPTY_BODY = YES;
				CLANG_WARN_ENUM_CONVERSION = YES;
				CLANG_WARN_INT_CONVERSION = YES;
				CLANG_WARN_OBJC_ROOT_CLASS = YES_ERROR;
				CLANG_WARN_UNREACHABLE_CODE = YES;
				CLANG_WARN__DUPLICATE_METHOD_MATCH = YES;
				"CODE_SIGN_IDENTITY[sdk=iphoneos*]" = "iPhone Developer";
				COPY_PHASE_STRIP = NO;
				DEBUG_INFORMATION_FORMAT = "dwarf-with-dsym";
				ENABLE_NS_ASSERTIONS = NO;
				ENABLE_STRICT_OBJC_MSGSEND = YES;
				GCC_C_LANGUAGE_STANDARD = gnu99;
				GCC_NO_COMMON_BLOCKS = YES;
				GCC_WARN_64_TO_32_BIT_CONVERSION = YES;
				GCC_WARN_ABOUT_RETURN_TYPE = YES_ERROR;
				GCC_WARN_UNDECLARED_SELECTOR = YES;
				GCC_WARN_UNINITIALIZED_AUTOS = YES_AGGRESSIVE;
				GCC_WARN_UNUSED_FUNCTION = YES;
				GCC_WARN_UNUSED_VARIABLE = YES;
				IPHONEOS_DEPLOYMENT_TARGET = 9.1;
				MTL_ENABLE_DEBUG_INFO = NO;
				SDKROOT = iphoneos;
				VALIDATE_PRODUCT = YES;
			};
			name = Release;
		};
		350EA2681C16FEE400704245 /* Debug */ = {
			isa = XCBuildConfiguration;
			buildSettings = {
				ASSETCATALOG_COMPILER_APPICON_NAME = AppIcon;
				INFOPLIST_FILE = Views/Info.plist;
				LD_RUNPATH_SEARCH_PATHS = "$(inherited) @executable_path/Frameworks";
				PRODUCT_BUNDLE_IDENTIFIER = com.leonbaird.Views;
				PRODUCT_NAME = "$(TARGET_NAME)";
			};
			name = Debug;
		};
		350EA2691C16FEE400704245 /* Release */ = {
			isa = XCBuildConfiguration;
			buildSettings = {
				ASSETCATALOG_COMPILER_APPICON_NAME = AppIcon;
				INFOPLIST_FILE = Views/Info.plist;
				LD_RUNPATH_SEARCH_PATHS = "$(inherited) @executable_path/Frameworks";
				PRODUCT_BUNDLE_IDENTIFIER = com.leonbaird.Views;
				PRODUCT_NAME = "$(TARGET_NAME)";
			};
			name = Release;
		};
/* End XCBuildConfiguration section */

/* Begin XCConfigurationList section */
		350EA2501C16FEE400704245 /* Build configuration list for PBXProject "Views" */ = {
			isa = XCConfigurationList;
			buildConfigurations = (
				350EA2651C16FEE400704245 /* Debug */,
				350EA2661C16FEE400704245 /* Release */,
			);
			defaultConfigurationIsVisible = 0;
			defaultConfigurationName = Release;
		};
		350EA2671C16FEE400704245 /* Build configuration list for PBXNativeTarget "Views" */ = {
			isa = XCConfigurationList;
			buildConfigurations = (
				350EA2681C16FEE400704245 /* Debug */,
				350EA2691C16FEE400704245 /* Release */,
			);
			defaultConfigurationIsVisible = 0;
		};
/* End XCConfigurationList section */
	};
	rootObject = 350EA24D1C16FEE400704245 /* Project object */;
}
