// !$*UTF8*$!
{
	archiveVersion = 1;
	classes = {
	};
	objectVersion = 46;
	objects = {

/* Begin PBXBuildFile section */
		350EA2AE1C174D4400704245 /* main.m in Sources */ = {isa = PBXBuildFile; fileRef = 350EA2AD1C174D4400704245 /* main.m */; };
		350EA2B61C1752F900704245 /* Person.m in Sources */ = {isa = PBXBuildFile; fileRef = 350EA2B51C1752F900704245 /* Person.m */; };
		350EA2B91C17587100704245 /* BetterPerson.m in Sources */ = {isa = PBXBuildFile; fileRef = 350EA2B81C17587100704245 /* BetterPerson.m */; };
/* End PBXBuildFile section */

/* Begin PBXCopyFilesBuildPhase section */
		350EA2A81C174D4400704245 /* CopyFiles */ = {
			isa = PBXCopyFilesBuildPhase;
			buildActionMask = 2147483647;
			dstPath = /usr/share/man/man1/;
			dstSubfolderSpec = 0;
			files = (
			);
			runOnlyForDeploymentPostprocessing = 1;
		};
/* End PBXCopyFilesBuildPhase section */

/* Begin PBXFileReference section */
		350EA2AA1C174D4400704245 /* Objective C Playground */ = {isa = PBXFileReference; explicitFileType = "compiled.mach-o.executable"; includeInIndex = 0; path = "Objective C Playground"; sourceTree = BUILT_PRODUCTS_DIR; };
		350EA2AD1C174D4400704245 /* main.m */ = {isa = PBXFileReference; lastKnownFileType = sourcecode.c.objc; path = main.m; sourceTree = "<group>"; };
		350EA2B41C1752F900704245 /* Person.h */ = {isa = PBXFileReference; fileEncoding = 4; lastKnownFileType = sourcecode.c.h; path = Person.h; sourceTree = "<group>"; };
		350EA2B51C1752F900704245 /* Person.m */ = {isa = PBXFileReference; fileEncoding = 4; lastKnownFileType = sourcecode.c.objc; path = Person.m; sourceTree = "<group>"; };
		350EA2B71C17587100704245 /* BetterPerson.h */ = {isa = PBXFileReference; fileEncoding = 4; lastKnownFileType = sourcecode.c.h; path = BetterPerson.h; sourceTree = "<group>"; };
		350EA2B81C17587100704245 /* BetterPerson.m */ = {isa = PBXFileReference; fileEncoding = 4; lastKnownFileType = sourcecode.c.objc; path = BetterPerson.m; sourceTree = "<group>"; };
/* End PBXFileReference section */

/* Begin PBXFrameworksBuildPhase section */
		350EA2A71C174D4400704245 /* Frameworks */ = {
			isa = PBXFrameworksBuildPhase;
			buildActionMask = 2147483647;
			files = (
			);
			runOnlyForDeploymentPostprocessing = 0;
		};
/* End PBXFrameworksBuildPhase section */

/* Begin PBXGroup section */
		350EA2A11C174D4400704245 = {
			isa = PBXGroup;
			children = (
				350EA2AC1C174D4400704245 /* Objective C Playground */,
				350EA2AB1C174D4400704245 /* Products */,
			);
			sourceTree = "<group>";
		};
		350EA2AB1C174D4400704245 /* Products */ = {
			isa = PBXGroup;
			children = (
				350EA2AA1C174D4400704245 /* Objective C Playground */,
			);
			name = Products;
			sourceTree = "<group>";
		};
		350EA2AC1C174D4400704245 /* Objective C Playground */ = {
			isa = PBXGroup;
			children = (
				350EA2AD1C174D4400704245 /* main.m */,
				350EA2B41C1752F900704245 /* Person.h */,
				350EA2B51C1752F900704245 /* Person.m */,
				350EA2B71C17587100704245 /* BetterPerson.h */,
				350EA2B81C17587100704245 /* BetterPerson.m */,
			);
			path = "Objective C Playground";
			sourceTree = "<group>";
		};
/* End PBXGroup section */

/* Begin PBXNativeTarget section */
		350EA2A91C174D4400704245 /* Objective C Playground */ = {
			isa = PBXNativeTarget;
			buildConfigurationList = 350EA2B11C174D4400704245 /* Build configuration list for PBXNativeTarget "Objective C Playground" */;
			buildPhases = (
				350EA2A61C174D4400704245 /* Sources */,
				350EA2A71C174D4400704245 /* Frameworks */,
				350EA2A81C174D4400704245 /* CopyFiles */,
			);
			buildRules = (
			);
			dependencies = (
			);
			name = "Objective C Playground";
			productName = "Objective C Playground";
			productReference = 350EA2AA1C174D4400704245 /* Objective C Playground */;
			productType = "com.apple.product-type.tool";
		};
/* End PBXNativeTarget section */

/* Begin PBXProject section */
		350EA2A21C174D4400704245 /* Project object */ = {
			isa = PBXProject;
			attributes = {
				LastUpgradeCheck = 0710;
				ORGANIZATIONNAME = "Leon Baird";
				TargetAttributes = {
					350EA2A91C174D4400704245 = {
						CreatedOnToolsVersion = 7.1.1;
					};
				};
			};
			buildConfigurationList = 350EA2A51C174D4400704245 /* Build configuration list for PBXProject "Objective C Playground" */;
			compatibilityVersion = "Xcode 3.2";
			developmentRegion = English;
			hasScannedForEncodings = 0;
			knownRegions = (
				en,
			);
			mainGroup = 350EA2A11C174D4400704245;
			productRefGroup = 350EA2AB1C174D4400704245 /* Products */;
			projectDirPath = "";
			projectRoot = "";
			targets = (
				350EA2A91C174D4400704245 /* Objective C Playground */,
			);
		};
/* End PBXProject section */

/* Begin PBXSourcesBuildPhase section */
		350EA2A61C174D4400704245 /* Sources */ = {
			isa = PBXSourcesBuildPhase;
			buildActionMask = 2147483647;
			files = (
				350EA2B91C17587100704245 /* BetterPerson.m in Sources */,
				350EA2B61C1752F900704245 /* Person.m in Sources */,
				350EA2AE1C174D4400704245 /* main.m in Sources */,
			);
			runOnlyForDeploymentPostprocessing = 0;
		};
/* End PBXSourcesBuildPhase section */

/* Begin XCBuildConfiguration section */
		350EA2AF1C174D4400704245 /* Debug */ = {
			isa = XCBuildConfiguration;
			buildSettings = {
				ALWAYS_SEARCH_USER_PATHS = NO;
				CLANG_CXX_LANGUAGE_STANDARD = "gnu++0x";
				CLANG_CXX_LIBRARY = "libc++";
				CLANG_ENABLE_MODULES = YES;
				CLANG_ENABLE_OBJC_ARC = YES;
				CLANG_WARN_BOOL_CONVERSION = YES;
				CLANG_WARN_CONSTANT_CONVERSION = YES;
				CLANG_WARN_DIRECT_OBJC_ISA_USAGE = YES_ERROR;
				CLANG_WARN_EMPTY_BODY = YES;
				CLANG_WARN_ENUM_CONVERSION = YES;
				CLANG_WARN_INT_CONVERSION = YES;
				CLANG_WARN_OBJC_ROOT_CLASS = YES_ERROR;
				CLANG_WARN_UNREACHABLE_CODE = YES;
				CLANG_WARN__DUPLICATE_METHOD_MATCH = YES;
				CODE_SIGN_IDENTITY = "-";
				COPY_PHASE_STRIP = NO;
				DEBUG_INFORMATION_FORMAT = dwarf;
				ENABLE_STRICT_OBJC_MSGSEND = YES;
				ENABLE_TESTABILITY = YES;
				GCC_C_LANGUAGE_STANDARD = gnu99;
				GCC_DYNAMIC_NO_PIC = NO;
				GCC_NO_COMMON_BLOCKS = YES;
				GCC_OPTIMIZATION_LEVEL = 0;
				GCC_PREPROCESSOR_DEFINITIONS = (
					"DEBUG=1",
					"$(inherited)",
				);
				GCC_WARN_64_TO_32_BIT_CONVERSION = YES;
				GCC_WARN_ABOUT_RETURN_TYPE = YES_ERROR;
				GCC_WARN_UNDECLARED_SELECTOR = YES;
				GCC_WARN_UNINITIALIZED_AUTOS = YES_AGGRESSIVE;
				GCC_WARN_UNUSED_FUNCTION = YES;
				GCC_WARN_UNUSED_VARIABLE = YES;
				MACOSX_DEPLOYMENT_TARGET = 10.11;
				MTL_ENABLE_DEBUG_INFO = YES;
				ONLY_ACTIVE_ARCH = YES;
				SDKROOT = macosx;
			};
			name = Debug;
		};
		350EA2B01C174D4400704245 /* Release */ = {
			isa = XCBuildConfiguration;
			buildSettings = {
				ALWAYS_SEARCH_USER_PATHS = NO;
				CLANG_CXX_LANGUAGE_STANDARD = "gnu++0x";
				CLANG_CXX_LIBRARY = "libc++";
				CLANG_ENABLE_MODULES = YES;
				CLANG_ENABLE_OBJC_ARC = YES;
				CLANG_WARN_BOOL_CONVERSION = YES;
				CLANG_WARN_CONSTANT_CONVERSION = YES;
				CLANG_WARN_DIRECT_OBJC_ISA_USAGE = YES_ERROR;
				CLANG_WARN_EMPTY_BODY = YES;
				CLANG_WARN_ENUM_CONVERSION = YES;
				CLANG_WARN_INT_CONVERSION = YES;
				CLANG_WARN_OBJC_ROOT_CLASS = YES_ERROR;
				CLANG_WARN_UNREACHABLE_CODE = YES;
				CLANG_WARN__DUPLICATE_METHOD_MATCH = YES;
				CODE_SIGN_IDENTITY = "-";
				COPY_PHASE_STRIP = NO;
				DEBUG_INFORMATION_FORMAT = "dwarf-with-dsym";
				ENABLE_NS_ASSERTIONS = NO;
				ENABLE_STRICT_OBJC_MSGSEND = YES;
				GCC_C_LANGUAGE_STANDARD = gnu99;
				GCC_NO_COMMON_BLOCKS = YES;
				GCC_WARN_64_TO_32_BIT_CONVERSION = YES;
				GCC_WARN_ABOUT_RETURN_TYPE = YES_ERROR;
				GCC_WARN_UNDECLARED_SELECTOR = YES;
				GCC_WARN_UNINITIALIZED_AUTOS = YES_AGGRESSIVE;
				GCC_WARN_UNUSED_FUNCTION = YES;
				GCC_WARN_UNUSED_VARIABLE = YES;
				MACOSX_DEPLOYMENT_TARGET = 10.11;
				MTL_ENABLE_DEBUG_INFO = NO;
				SDKROOT = macosx;
			};
			name = Release;
		};
		350EA2B21C174D4400704245 /* Debug */ = {
			isa = XCBuildConfiguration;
			buildSettings = {
				PRODUCT_NAME = "$(TARGET_NAME)";
			};
			name = Debug;
		};
		350EA2B31C174D4400704245 /* Release */ = {
			isa = XCBuildConfiguration;
			buildSettings = {
				PRODUCT_NAME = "$(TARGET_NAME)";
			};
			name = Release;
		};
/* End XCBuildConfiguration section */

/* Begin XCConfigurationList section */
		350EA2A51C174D4400704245 /* Build configuration list for PBXProject "Objective C Playground" */ = {
			isa = XCConfigurationList;
			buildConfigurations = (
				350EA2AF1C174D4400704245 /* Debug */,
				350EA2B01C174D4400704245 /* Release */,
			);
			defaultConfigurationIsVisible = 0;
			defaultConfigurationName = Release;
		};
		350EA2B11C174D4400704245 /* Build configuration list for PBXNativeTarget "Objective C Playground" */ = {
			isa = XCConfigurationList;
			buildConfigurations = (
				350EA2B21C174D4400704245 /* Debug */,
				350EA2B31C174D4400704245 /* Release */,
			);
			defaultConfigurationIsVisible = 0;
		};
/* End XCConfigurationList section */
	};
	rootObject = 350EA2A21C174D4400704245 /* Project object */;
}
