// !$*UTF8*$!
{
	archiveVersion = 1;
	classes = {
	};
	objectVersion = 46;
	objects = {

/* Begin PBXBuildFile section */
		356A39F41BAB27AC00949A5E /* AppDelegate.swift in Sources */ = {isa = PBXBuildFile; fileRef = 356A39F31BAB27AC00949A5E /* AppDelegate.swift */; };
		356A39F61BAB27AC00949A5E /* UIWebViewController.swift in Sources */ = {isa = PBXBuildFile; fileRef = 356A39F51BAB27AC00949A5E /* UIWebViewController.swift */; };
		356A39F91BAB27AC00949A5E /* Main.storyboard in Resources */ = {isa = PBXBuildFile; fileRef = 356A39F71BAB27AC00949A5E /* Main.storyboard */; };
		356A39FB1BAB27AC00949A5E /* Assets.xcassets in Resources */ = {isa = PBXBuildFile; fileRef = 356A39FA1BAB27AC00949A5E /* Assets.xcassets */; };
		356A39FE1BAB27AC00949A5E /* LaunchScreen.storyboard in Resources */ = {isa = PBXBuildFile; fileRef = 356A39FC1BAB27AC00949A5E /* LaunchScreen.storyboard */; };
		356A3A061BAB314F00949A5E /* web-content in Resources */ = {isa = PBXBuildFile; fileRef = 356A3A051BAB314F00949A5E /* web-content */; settings = {ASSET_TAGS = (); }; };
		356A3A081BAB375300949A5E /* WebkitViewController.swift in Sources */ = {isa = PBXBuildFile; fileRef = 356A3A071BAB375300949A5E /* WebkitViewController.swift */; settings = {ASSET_TAGS = (); }; };
/* End PBXBuildFile section */

/* Begin PBXFileReference section */
		356A39F01BAB27AC00949A5E /* WebViews.app */ = {isa = PBXFileReference; explicitFileType = wrapper.application; includeInIndex = 0; path = WebViews.app; sourceTree = BUILT_PRODUCTS_DIR; };
		356A39F31BAB27AC00949A5E /* AppDelegate.swift */ = {isa = PBXFileReference; lastKnownFileType = sourcecode.swift; path = AppDelegate.swift; sourceTree = "<group>"; };
		356A39F51BAB27AC00949A5E /* UIWebViewController.swift */ = {isa = PBXFileReference; lastKnownFileType = sourcecode.swift; path = UIWebViewController.swift; sourceTree = "<group>"; };
		356A39F81BAB27AC00949A5E /* Base */ = {isa = PBXFileReference; lastKnownFileType = file.storyboard; name = Base; path = Base.lproj/Main.storyboard; sourceTree = "<group>"; };
		356A39FA1BAB27AC00949A5E /* Assets.xcassets */ = {isa = PBXFileReference; lastKnownFileType = folder.assetcatalog; path = Assets.xcassets; sourceTree = "<group>"; };
		356A39FD1BAB27AC00949A5E /* Base */ = {isa = PBXFileReference; lastKnownFileType = file.storyboard; name = Base; path = Base.lproj/LaunchScreen.storyboard; sourceTree = "<group>"; };
		356A39FF1BAB27AC00949A5E /* Info.plist */ = {isa = PBXFileReference; lastKnownFileType = text.plist.xml; path = Info.plist; sourceTree = "<group>"; };
		356A3A051BAB314F00949A5E /* web-content */ = {isa = PBXFileReference; lastKnownFileType = folder; path = "web-content"; sourceTree = "<group>"; };
		356A3A071BAB375300949A5E /* WebkitViewController.swift */ = {isa = PBXFileReference; fileEncoding = 4; lastKnownFileType = sourcecode.swift; name = WebkitViewController.swift; path = ../WebkitViewController.swift; sourceTree = "<group>"; };
/* End PBXFileReference section */

/* Begin PBXFrameworksBuildPhase section */
		356A39ED1BAB27AC00949A5E /* Frameworks */ = {
			isa = PBXFrameworksBuildPhase;
			buildActionMask = 2147483647;
			files = (
			);
			runOnlyForDeploymentPostprocessing = 0;
		};
/* End PBXFrameworksBuildPhase section */

/* Begin PBXGroup section */
		356A39E71BAB27AC00949A5E = {
			isa = PBXGroup;
			children = (
				356A39F21BAB27AC00949A5E /* WebViews */,
				356A39F11BAB27AC00949A5E /* Products */,
			);
			sourceTree = "<group>";
		};
		356A39F11BAB27AC00949A5E /* Products */ = {
			isa = PBXGroup;
			children = (
				356A39F01BAB27AC00949A5E /* WebViews.app */,
			);
			name = Products;
			sourceTree = "<group>";
		};
		356A39F21BAB27AC00949A5E /* WebViews */ = {
			isa = PBXGroup;
			children = (
				356A39F31BAB27AC00949A5E /* AppDelegate.swift */,
				356A39F51BAB27AC00949A5E /* UIWebViewController.swift */,
				356A3A071BAB375300949A5E /* WebkitViewController.swift */,
				356A39F71BAB27AC00949A5E /* Main.storyboard */,
				356A39FA1BAB27AC00949A5E /* Assets.xcassets */,
				356A3A051BAB314F00949A5E /* web-content */,
				356A39FC1BAB27AC00949A5E /* LaunchScreen.storyboard */,
				356A39FF1BAB27AC00949A5E /* Info.plist */,
			);
			path = WebViews;
			sourceTree = "<group>";
		};
/* End PBXGroup section */

/* Begin PBXNativeTarget section */
		356A39EF1BAB27AC00949A5E /* WebViews */ = {
			isa = PBXNativeTarget;
			buildConfigurationList = 356A3A021BAB27AC00949A5E /* Build configuration list for PBXNativeTarget "WebViews" */;
			buildPhases = (
				356A39EC1BAB27AC00949A5E /* Sources */,
				356A39ED1BAB27AC00949A5E /* Frameworks */,
				356A39EE1BAB27AC00949A5E /* Resources */,
			);
			buildRules = (
			);
			dependencies = (
			);
			name = WebViews;
			productName = WebViews;
			productReference = 356A39F01BAB27AC00949A5E /* WebViews.app */;
			productType = "com.apple.product-type.application";
		};
/* End PBXNativeTarget section */

/* Begin PBXProject section */
		356A39E81BAB27AC00949A5E /* Project object */ = {
			isa = PBXProject;
			attributes = {
				LastUpgradeCheck = 0700;
				ORGANIZATIONNAME = "Leon Baird";
				TargetAttributes = {
					356A39EF1BAB27AC00949A5E = {
						CreatedOnToolsVersion = 7.0;
					};
				};
			};
			buildConfigurationList = 356A39EB1BAB27AC00949A5E /* Build configuration list for PBXProject "WebViews" */;
			compatibilityVersion = "Xcode 3.2";
			developmentRegion = English;
			hasScannedForEncodings = 0;
			knownRegions = (
				en,
				Base,
			);
			mainGroup = 356A39E71BAB27AC00949A5E;
			productRefGroup = 356A39F11BAB27AC00949A5E /* Products */;
			projectDirPath = "";
			projectRoot = "";
			targets = (
				356A39EF1BAB27AC00949A5E /* WebViews */,
			);
		};
/* End PBXProject section */

/* Begin PBXResourcesBuildPhase section */
		356A39EE1BAB27AC00949A5E /* Resources */ = {
			isa = PBXResourcesBuildPhase;
			buildActionMask = 2147483647;
			files = (
				356A39FE1BAB27AC00949A5E /* LaunchScreen.storyboard in Resources */,
				356A3A061BAB314F00949A5E /* web-content in Resources */,
				356A39FB1BAB27AC00949A5E /* Assets.xcassets in Resources */,
				356A39F91BAB27AC00949A5E /* Main.storyboard in Resources */,
			);
			runOnlyForDeploymentPostprocessing = 0;
		};
/* End PBXResourcesBuildPhase section */

/* Begin PBXSourcesBuildPhase section */
		356A39EC1BAB27AC00949A5E /* Sources */ = {
			isa = PBXSourcesBuildPhase;
			buildActionMask = 2147483647;
			files = (
				356A39F61BAB27AC00949A5E /* UIWebViewController.swift in Sources */,
				356A39F41BAB27AC00949A5E /* AppDelegate.swift in Sources */,
				356A3A081BAB375300949A5E /* WebkitViewController.swift in Sources */,
			);
			runOnlyForDeploymentPostprocessing = 0;
		};
/* End PBXSourcesBuildPhase section */

/* Begin PBXVariantGroup section */
		356A39F71BAB27AC00949A5E /* Main.storyboard */ = {
			isa = PBXVariantGroup;
			children = (
				356A39F81BAB27AC00949A5E /* Base */,
			);
			name = Main.storyboard;
			sourceTree = "<group>";
		};
		356A39FC1BAB27AC00949A5E /* LaunchScreen.storyboard */ = {
			isa = PBXVariantGroup;
			children = (
				356A39FD1BAB27AC00949A5E /* Base */,
			);
			name = LaunchScreen.storyboard;
			sourceTree = "<group>";
		};
/* End PBXVariantGroup section */

/* Begin XCBuildConfiguration section */
		356A3A001BAB27AC00949A5E /* Debug */ = {
			isa = XCBuildConfiguration;
			buildSettings = {
				ALWAYS_SEARCH_USER_PATHS = NO;
				CLANG_CXX_LANGUAGE_STANDARD = "gnu++0x";
				CLANG_CXX_LIBRARY = "libc++";
				CLANG_ENABLE_MODULES = YES;
				CLANG_ENABLE_OBJC_ARC = YES;
				CLANG_WARN_BOOL_CONVERSION = YES;
				CLANG_WARN_CONSTANT_CONVERSION = YES;
				CLANG_WARN_DIRECT_OBJC_ISA_USAGE = YES_ERROR;
				CLANG_WARN_EMPTY_BODY = YES;
				CLANG_WARN_ENUM_CONVERSION = YES;
				CLANG_WARN_INT_CONVERSION = YES;
				CLANG_WARN_OBJC_ROOT_CLASS = YES_ERROR;
				CLANG_WARN_UNREACHABLE_CODE = YES;
				CLANG_WARN__DUPLICATE_METHOD_MATCH = YES;
				"CODE_SIGN_IDENTITY[sdk=iphoneos*]" = "iPhone Developer";
				COPY_PHASE_STRIP = NO;
				DEBUG_INFORMATION_FORMAT = dwarf;
				ENABLE_STRICT_OBJC_MSGSEND = YES;
				ENABLE_TESTABILITY = YES;
				GCC_C_LANGUAGE_STANDARD = gnu99;
				GCC_DYNAMIC_NO_PIC = NO;
				GCC_NO_COMMON_BLOCKS = YES;
				GCC_OPTIMIZATION_LEVEL = 0;
				GCC_PREPROCESSOR_DEFINITIONS = (
					"DEBUG=1",
					"$(inherited)",
				);
				GCC_WARN_64_TO_32_BIT_CONVERSION = YES;
				GCC_WARN_ABOUT_RETURN_TYPE = YES_ERROR;
				GCC_WARN_UNDECLARED_SELECTOR = YES;
				GCC_WARN_UNINITIALIZED_AUTOS = YES_AGGRESSIVE;
				GCC_WARN_UNUSED_FUNCTION = YES;
				GCC_WARN_UNUSED_VARIABLE = YES;
				IPHONEOS_DEPLOYMENT_TARGET = 9.0;
				MTL_ENABLE_DEBUG_INFO = YES;
				ONLY_ACTIVE_ARCH = YES;
				SDKROOT = iphoneos;
				SWIFT_OPTIMIZATION_LEVEL = "-Onone";
			};
			name = Debug;
		};
		356A3A011BAB27AC00949A5E /* Release */ = {
			isa = XCBuildConfiguration;
			buildSettings = {
				ALWAYS_SEARCH_USER_PATHS = NO;
				CLANG_CXX_LANGUAGE_STANDARD = "gnu++0x";
				CLANG_CXX_LIBRARY = "libc++";
				CLANG_ENABLE_MODULES = YES;
				CLANG_ENABLE_OBJC_ARC = YES;
				CLANG_WARN_BOOL_CONVERSION = YES;
				CLANG_WARN_CONSTANT_CONVERSION = YES;
				CLANG_WARN_DIRECT_OBJC_ISA_USAGE = YES_ERROR;
				CLANG_WARN_EMPTY_BODY = YES;
				CLANG_WARN_ENUM_CONVERSION = YES;
				CLANG_WARN_INT_CONVERSION = YES;
				CLANG_WARN_OBJC_ROOT_CLASS = YES_ERROR;
				CLANG_WARN_UNREACHABLE_CODE = YES;
				CLANG_WARN__DUPLICATE_METHOD_MATCH = YES;
				"CODE_SIGN_IDENTITY[sdk=iphoneos*]" = "iPhone Developer";
				COPY_PHASE_STRIP = NO;
				DEBUG_INFORMATION_FORMAT = "dwarf-with-dsym";
				ENABLE_NS_ASSERTIONS = NO;
				ENABLE_STRICT_OBJC_MSGSEND = YES;
				GCC_C_LANGUAGE_STANDARD = gnu99;
				GCC_NO_COMMON_BLOCKS = YES;
				GCC_WARN_64_TO_32_BIT_CONVERSION = YES;
				GCC_WARN_ABOUT_RETURN_TYPE = YES_ERROR;
				GCC_WARN_UNDECLARED_SELECTOR = YES;
				GCC_WARN_UNINITIALIZED_AUTOS = YES_AGGRESSIVE;
				GCC_WARN_UNUSED_FUNCTION = YES;
				GCC_WARN_UNUSED_VARIABLE = YES;
				IPHONEOS_DEPLOYMENT_TARGET = 9.0;
				MTL_ENABLE_DEBUG_INFO = NO;
				SDKROOT = iphoneos;
				VALIDATE_PRODUCT = YES;
			};
			name = Release;
		};
		356A3A031BAB27AC00949A5E /* Debug */ = {
			isa = XCBuildConfiguration;
			buildSettings = {
				ASSETCATALOG_COMPILER_APPICON_NAME = AppIcon;
				INFOPLIST_FILE = WebViews/Info.plist;
				LD_RUNPATH_SEARCH_PATHS = "$(inherited) @executable_path/Frameworks";
				PRODUCT_BUNDLE_IDENTIFIER = com.leonbaird.WebViews;
				PRODUCT_NAME = "$(TARGET_NAME)";
			};
			name = Debug;
		};
		356A3A041BAB27AC00949A5E /* Release */ = {
			isa = XCBuildConfiguration;
			buildSettings = {
				ASSETCATALOG_COMPILER_APPICON_NAME = AppIcon;
				INFOPLIST_FILE = WebViews/Info.plist;
				LD_RUNPATH_SEARCH_PATHS = "$(inherited) @executable_path/Frameworks";
				PRODUCT_BUNDLE_IDENTIFIER = com.leonbaird.WebViews;
				PRODUCT_NAME = "$(TARGET_NAME)";
			};
			name = Release;
		};
/* End XCBuildConfiguration section */

/* Begin XCConfigurationList section */
		356A39EB1BAB27AC00949A5E /* Build configuration list for PBXProject "WebViews" */ = {
			isa = XCConfigurationList;
			buildConfigurations = (
				356A3A001BAB27AC00949A5E /* Debug */,
				356A3A011BAB27AC00949A5E /* Release */,
			);
			defaultConfigurationIsVisible = 0;
			defaultConfigurationName = Release;
		};
		356A3A021BAB27AC00949A5E /* Build configuration list for PBXNativeTarget "WebViews" */ = {
			isa = XCConfigurationList;
			buildConfigurations = (
				356A3A031BAB27AC00949A5E /* Debug */,
				356A3A041BAB27AC00949A5E /* Release */,
			);
			defaultConfigurationIsVisible = 0;
		};
/* End XCConfigurationList section */
	};
	rootObject = 356A39E81BAB27AC00949A5E /* Project object */;
}
